
Microsoft Visual Studio Solution File, Format Version 11.00
# Visual Studio 2010
Project("{FAE04EC0-301F-11D3-BF4B-00C04F79EFBC}") = "TrelloNet", "TrelloNet\TrelloNet.csproj", "{1C634CD3-1666-4133-B1D7-1BFA4A840A56}"
EndProject
Project("{FAE04EC0-301F-11D3-BF4B-00C04F79EFBC}") = "TrelloNet.Tests", "TrelloNet.Tests\TrelloNet.Tests.csproj", "{32F9162E-059D-4917-85B6-EC16D05373F9}"
EndProject
Project("{2150E333-8FDC-42A3-9474-1A3956D46DE8}") = "Solution Items", "Solution Items", "{AB95884E-8524-4D79-A597-18070A39B820}"
	ProjectSection(SolutionItems) = preProject
		README.markdown = README.markdown
	EndProjectSection
EndProject
Global
	GlobalSection(SolutionConfigurationPlatforms) = preSolution
		Debug|Any CPU = Debug|Any CPU
		Release|Any CPU = Release|Any CPU
	EndGlobalSection
	GlobalSection(ProjectConfigurationPlatforms) = postSolution
		{1C634CD3-1666-4133-B1D7-1BFA4A840A56}.Debug|Any CPU.ActiveCfg = Debug|Any CPU
		{1C634CD3-1666-4133-B1D7-1BFA4A840A56}.Debug|Any CPU.Build.0 = Debug|Any CPU
		{1C634CD3-1666-4133-B1D7-1BFA4A840A56}.Release|Any CPU.ActiveCfg = Release|Any CPU
		{1C634CD3-1666-4133-B1D7-1BFA4A840A56}.Release|Any CPU.Build.0 = Release|Any CPU
		{32F9162E-059D-4917-85B6-EC16D05373F9}.Debug|Any CPU.ActiveCfg = Debug|Any CPU
		{32F9162E-059D-4917-85B6-EC16D05373F9}.Debug|Any CPU.Build.0 = Debug|Any CPU
		{32F9162E-059D-4917-85B6-EC16D05373F9}.Release|Any CPU.ActiveCfg = Release|Any CPU
		{32F9162E-059D-4917-85B6-EC16D05373F9}.Release|Any CPU.Build.0 = Release|Any CPU
	EndGlobalSection
	GlobalSection(SolutionProperties) = preSolution
		HideSolutionNode = FALSE
	EndGlobalSection
EndGlobal
